
Microsoft Visual Studio Solution File, Format Version 12.00
# Visual Studio 15
VisualStudioVersion = 15.0.28307.779
MinimumVisualStudioVersion = 10.0.40219.1
Project("{FAE04EC0-301F-11D3-BF4B-00C04F79EFBC}") = "Lantz_CustomCars", "Lantz_CustomCars\Lantz_CustomCars.csproj", "{606E3367-A833-4EC8-95F1-3ADEDE6143CE}"
EndProject
Global
	GlobalSection(SolutionConfigurationPlatforms) = preSolution
		Debug|Any CPU = Debug|Any CPU
		Release|Any CPU = Release|Any CPU
	EndGlobalSection
	GlobalSection(ProjectConfigurationPlatforms) = postSolution
		{606E3367-A833-4EC8-95F1-3ADEDE6143CE}.Debug|Any CPU.ActiveCfg = Debug|Any CPU
		{606E3367-A833-4EC8-95F1-3ADEDE6143CE}.Debug|Any CPU.Build.0 = Debug|Any CPU
		{606E3367-A833-4EC8-95F1-3ADEDE6143CE}.Release|Any CPU.ActiveCfg = Release|Any CPU
		{606E3367-A833-4EC8-95F1-3ADEDE6143CE}.Release|Any CPU.Build.0 = Release|Any CPU
	EndGlobalSection
	GlobalSection(SolutionProperties) = preSolution
		HideSolutionNode = FALSE
	EndGlobalSection
	GlobalSection(ExtensibilityGlobals) = postSolution
		SolutionGuid = {9FF9D561-A8BF-4B13-A77F-AC0A8FF5B440}
	EndGlobalSection
EndGlobal
